
Microsoft Visual Studio Solution File, Format Version 12.00
# Visual Studio Version 17
VisualStudioVersion = 17.0.32014.148
MinimumVisualStudioVersion = 10.0.40219.1
Project("{FAE04EC0-301F-11D3-BF4B-00C04F79EFBC}") = "Presentacion", "Presentacion\Presentacion.csproj", "{1312000E-2B61-40DE-893F-9A3A09AB4E6A}"
EndProject
Project("{FAE04EC0-301F-11D3-BF4B-00C04F79EFBC}") = "DAL", "DAL\DAL.csproj", "{98A9DB29-4B6E-4FDF-94AC-8D701FBBC81F}"
EndProject
Project("{FAE04EC0-301F-11D3-BF4B-00C04F79EFBC}") = "Entity", "Entity\Entity.csproj", "{7034D338-898A-4A81-BDB0-461CD1934D90}"
EndProject
Project("{FAE04EC0-301F-11D3-BF4B-00C04F79EFBC}") = "BLL", "BLL\BLL.csproj", "{A065D114-A1DC-43EB-A2A2-43E203E448E1}"
EndProject
Global
	GlobalSection(SolutionConfigurationPlatforms) = preSolution
		Debug|Any CPU = Debug|Any CPU
		Release|Any CPU = Release|Any CPU
	EndGlobalSection
	GlobalSection(ProjectConfigurationPlatforms) = postSolution
		{1312000E-2B61-40DE-893F-9A3A09AB4E6A}.Debug|Any CPU.ActiveCfg = Debug|Any CPU
		{1312000E-2B61-40DE-893F-9A3A09AB4E6A}.Debug|Any CPU.Build.0 = Debug|Any CPU
		{1312000E-2B61-40DE-893F-9A3A09AB4E6A}.Release|Any CPU.ActiveCfg = Release|Any CPU
		{1312000E-2B61-40DE-893F-9A3A09AB4E6A}.Release|Any CPU.Build.0 = Release|Any CPU
		{98A9DB29-4B6E-4FDF-94AC-8D701FBBC81F}.Debug|Any CPU.ActiveCfg = Debug|Any CPU
		{98A9DB29-4B6E-4FDF-94AC-8D701FBBC81F}.Debug|Any CPU.Build.0 = Debug|Any CPU
		{98A9DB29-4B6E-4FDF-94AC-8D701FBBC81F}.Release|Any CPU.ActiveCfg = Release|Any CPU
		{98A9DB29-4B6E-4FDF-94AC-8D701FBBC81F}.Release|Any CPU.Build.0 = Release|Any CPU
		{7034D338-898A-4A81-BDB0-461CD1934D90}.Debug|Any CPU.ActiveCfg = Debug|Any CPU
		{7034D338-898A-4A81-BDB0-461CD1934D90}.Debug|Any CPU.Build.0 = Debug|Any CPU
		{7034D338-898A-4A81-BDB0-461CD1934D90}.Release|Any CPU.ActiveCfg = Release|Any CPU
		{7034D338-898A-4A81-BDB0-461CD1934D90}.Release|Any CPU.Build.0 = Release|Any CPU
		{A065D114-A1DC-43EB-A2A2-43E203E448E1}.Debug|Any CPU.ActiveCfg = Debug|Any CPU
		{A065D114-A1DC-43EB-A2A2-43E203E448E1}.Debug|Any CPU.Build.0 = Debug|Any CPU
		{A065D114-A1DC-43EB-A2A2-43E203E448E1}.Release|Any CPU.ActiveCfg = Release|Any CPU
		{A065D114-A1DC-43EB-A2A2-43E203E448E1}.Release|Any CPU.Build.0 = Release|Any CPU
	EndGlobalSection
	GlobalSection(SolutionProperties) = preSolution
		HideSolutionNode = FALSE
	EndGlobalSection
	GlobalSection(ExtensibilityGlobals) = postSolution
		SolutionGuid = {CCDE1139-5BE2-43C6-B6A8-007E6B51F893}
	EndGlobalSection
EndGlobal
